
Microsoft Visual Studio Solution File, Format Version 12.00
# Visual Studio Version 17
VisualStudioVersion = 17.10.34902.84
MinimumVisualStudioVersion = 10.0.40219.1
Project("{FAE04EC0-301F-11D3-BF4B-00C04F79EFBC}") = "GestionEvento.web", "GestionEvento.web\GestionEvento.web.csproj", "{85832DA0-F3C4-4FCF-AC79-8072B923358F}"
EndProject
Project("{FAE04EC0-301F-11D3-BF4B-00C04F79EFBC}") = "GestionEvento.Dominio", "GestionEvento.Dominio\GestionEvento.Dominio.csproj", "{C7C6CA73-84F0-4B33-8BFD-E3E7326F4560}"
EndProject
Project("{FAE04EC0-301F-11D3-BF4B-00C04F79EFBC}") = "GestionEvento.Aplicacion", "GestionEvento.Aplicacion\GestionEvento.Aplicacion.csproj", "{BB9D6A9C-5E58-4941-98F0-4DE4972E514C}"
EndProject
Project("{FAE04EC0-301F-11D3-BF4B-00C04F79EFBC}") = "GestionEvento.Infraestructura", "GestionEvento.Infraestructura\GestionEvento.Infraestructura.csproj", "{6DF57ADF-FCF0-402C-8670-9C75929DB1E6}"
EndProject
Global
	GlobalSection(SolutionConfigurationPlatforms) = preSolution
		Debug|Any CPU = Debug|Any CPU
		Release|Any CPU = Release|Any CPU
	EndGlobalSection
	GlobalSection(ProjectConfigurationPlatforms) = postSolution
		{85832DA0-F3C4-4FCF-AC79-8072B923358F}.Debug|Any CPU.ActiveCfg = Debug|Any CPU
		{85832DA0-F3C4-4FCF-AC79-8072B923358F}.Debug|Any CPU.Build.0 = Debug|Any CPU
		{85832DA0-F3C4-4FCF-AC79-8072B923358F}.Release|Any CPU.ActiveCfg = Release|Any CPU
		{85832DA0-F3C4-4FCF-AC79-8072B923358F}.Release|Any CPU.Build.0 = Release|Any CPU
		{C7C6CA73-84F0-4B33-8BFD-E3E7326F4560}.Debug|Any CPU.ActiveCfg = Debug|Any CPU
		{C7C6CA73-84F0-4B33-8BFD-E3E7326F4560}.Debug|Any CPU.Build.0 = Debug|Any CPU
		{C7C6CA73-84F0-4B33-8BFD-E3E7326F4560}.Release|Any CPU.ActiveCfg = Release|Any CPU
		{C7C6CA73-84F0-4B33-8BFD-E3E7326F4560}.Release|Any CPU.Build.0 = Release|Any CPU
		{BB9D6A9C-5E58-4941-98F0-4DE4972E514C}.Debug|Any CPU.ActiveCfg = Debug|Any CPU
		{BB9D6A9C-5E58-4941-98F0-4DE4972E514C}.Debug|Any CPU.Build.0 = Debug|Any CPU
		{BB9D6A9C-5E58-4941-98F0-4DE4972E514C}.Release|Any CPU.ActiveCfg = Release|Any CPU
		{BB9D6A9C-5E58-4941-98F0-4DE4972E514C}.Release|Any CPU.Build.0 = Release|Any CPU
		{6DF57ADF-FCF0-402C-8670-9C75929DB1E6}.Debug|Any CPU.ActiveCfg = Debug|Any CPU
		{6DF57ADF-FCF0-402C-8670-9C75929DB1E6}.Debug|Any CPU.Build.0 = Debug|Any CPU
		{6DF57ADF-FCF0-402C-8670-9C75929DB1E6}.Release|Any CPU.ActiveCfg = Release|Any CPU
		{6DF57ADF-FCF0-402C-8670-9C75929DB1E6}.Release|Any CPU.Build.0 = Release|Any CPU
	EndGlobalSection
	GlobalSection(SolutionProperties) = preSolution
		HideSolutionNode = FALSE
	EndGlobalSection
	GlobalSection(ExtensibilityGlobals) = postSolution
		SolutionGuid = {B936D637-1FAE-4516-ACF0-A032CABEC5C1}
	EndGlobalSection
EndGlobal
